
Microsoft Visual Studio Solution File, Format Version 12.00
# Visual Studio 15
VisualStudioVersion = 15.0.28307.168
MinimumVisualStudioVersion = 10.0.40219.1
Project("{9A19103F-16F7-4668-BE54-9A1E7A4F7556}") = "Microsoft.Extensions.Identity.IdentityEmails", "Microsoft.Extensions.Identity.IdentityEmails\Microsoft.Extensions.Identity.IdentityEmails.csproj", "{1BCAD580-BA88-462E-A4F8-78D10A7260A0}"
EndProject
Project("{9A19103F-16F7-4668-BE54-9A1E7A4F7556}") = "Microsoft.Extensions.Identity.IdentityEmails.EntityFrameworkCore", "Microsoft.Extensions.Identity.IdentityEmails.EntityFrameworkCore\Microsoft.Extensions.Identity.IdentityEmails.EntityFrameworkCore.csproj", "{CE7DBA09-C60B-44B7-9B72-B20FF406517B}"
EndProject
Project("{9A19103F-16F7-4668-BE54-9A1E7A4F7556}") = "IdentityEmails.Examples.WebApp", "Examples\IdentityEmails.Examples.WebApp\IdentityEmails.Examples.WebApp.csproj", "{8822692B-C424-45C9-8065-7EF07CA2B583}"
EndProject
Global
	GlobalSection(SolutionConfigurationPlatforms) = preSolution
		Debug|Any CPU = Debug|Any CPU
		Release|Any CPU = Release|Any CPU
	EndGlobalSection
	GlobalSection(ProjectConfigurationPlatforms) = postSolution
		{1BCAD580-BA88-462E-A4F8-78D10A7260A0}.Debug|Any CPU.ActiveCfg = Debug|Any CPU
		{1BCAD580-BA88-462E-A4F8-78D10A7260A0}.Debug|Any CPU.Build.0 = Debug|Any CPU
		{1BCAD580-BA88-462E-A4F8-78D10A7260A0}.Release|Any CPU.ActiveCfg = Release|Any CPU
		{1BCAD580-BA88-462E-A4F8-78D10A7260A0}.Release|Any CPU.Build.0 = Release|Any CPU
		{CE7DBA09-C60B-44B7-9B72-B20FF406517B}.Debug|Any CPU.ActiveCfg = Debug|Any CPU
		{CE7DBA09-C60B-44B7-9B72-B20FF406517B}.Debug|Any CPU.Build.0 = Debug|Any CPU
		{CE7DBA09-C60B-44B7-9B72-B20FF406517B}.Release|Any CPU.ActiveCfg = Release|Any CPU
		{CE7DBA09-C60B-44B7-9B72-B20FF406517B}.Release|Any CPU.Build.0 = Release|Any CPU
		{8822692B-C424-45C9-8065-7EF07CA2B583}.Debug|Any CPU.ActiveCfg = Debug|Any CPU
		{8822692B-C424-45C9-8065-7EF07CA2B583}.Debug|Any CPU.Build.0 = Debug|Any CPU
		{8822692B-C424-45C9-8065-7EF07CA2B583}.Release|Any CPU.ActiveCfg = Release|Any CPU
		{8822692B-C424-45C9-8065-7EF07CA2B583}.Release|Any CPU.Build.0 = Release|Any CPU
	EndGlobalSection
	GlobalSection(SolutionProperties) = preSolution
		HideSolutionNode = FALSE
	EndGlobalSection
	GlobalSection(ExtensibilityGlobals) = postSolution
		SolutionGuid = {C60F2C1E-BE50-4220-9B46-BF5251181A71}
	EndGlobalSection
EndGlobal
